// !$*UTF8*$!
{
	archiveVersion = 1;
	classes = {
	};
	objectVersion = 77;
	objects = {

/* Begin PBXBuildFile section */
		5969DDB22DA54FA600EA6655 /* Home.framework in Frameworks */ = {isa = PBXBuildFile; fileRef = 5969DD922DA546B800EA6655 /* Home.framework */; };
		5969DDB32DA54FA600EA6655 /* Home.framework in Embed Frameworks */ = {isa = PBXBuildFile; fileRef = 5969DD922DA546B800EA6655 /* Home.framework */; settings = {ATTRIBUTES = (CodeSignOnCopy, RemoveHeadersOnCopy, ); }; };
		5969DDB42DA54FAD00EA6655 /* Payment.framework in Frameworks */ = {isa = PBXBuildFile; fileRef = 5969DD992DA546B800EA6655 /* Payment.framework */; };
		5969DDB52DA54FAD00EA6655 /* Payment.framework in Embed Frameworks */ = {isa = PBXBuildFile; fileRef = 5969DD992DA546B800EA6655 /* Payment.framework */; settings = {ATTRIBUTES = (CodeSignOnCopy, RemoveHeadersOnCopy, ); }; };
		5969DDB62DA54FB100EA6655 /* Services.framework in Frameworks */ = {isa = PBXBuildFile; fileRef = 5969DD9F2DA546B800EA6655 /* Services.framework */; };
		5969DDB72DA54FB100EA6655 /* Services.framework in Embed Frameworks */ = {isa = PBXBuildFile; fileRef = 5969DD9F2DA546B800EA6655 /* Services.framework */; settings = {ATTRIBUTES = (CodeSignOnCopy, RemoveHeadersOnCopy, ); }; };
		5969DDC42DA550A200EA6655 /* DesignSystem.framework in Frameworks */ = {isa = PBXBuildFile; fileRef = 5969DD8C2DA546B800EA6655 /* DesignSystem.framework */; };
		5969DDC52DA550A200EA6655 /* DesignSystem.framework in Embed Frameworks */ = {isa = PBXBuildFile; fileRef = 5969DD8C2DA546B800EA6655 /* DesignSystem.framework */; settings = {ATTRIBUTES = (CodeSignOnCopy, RemoveHeadersOnCopy, ); }; };
		5969E6F42DA66F6700EA6655 /* NavigationCoordinator.framework in Frameworks */ = {isa = PBXBuildFile; fileRef = 5969E6D02DA66D0400EA6655 /* NavigationCoordinator.framework */; };
		5969E6F52DA66F6700EA6655 /* NavigationCoordinator.framework in Embed Frameworks */ = {isa = PBXBuildFile; fileRef = 5969E6D02DA66D0400EA6655 /* NavigationCoordinator.framework */; settings = {ATTRIBUTES = (CodeSignOnCopy, RemoveHeadersOnCopy, ); }; };
		5969E7142DA67F1E00EA6655 /* WidgetKit.framework in Frameworks */ = {isa = PBXBuildFile; fileRef = 5969DE102DA563A500EA6655 /* WidgetKit.framework */; };
		5969E7152DA67F1E00EA6655 /* SwiftUI.framework in Frameworks */ = {isa = PBXBuildFile; fileRef = 5969DE122DA563A500EA6655 /* SwiftUI.framework */; };
		5969E7262DA67F2000EA6655 /* PaymeShareWidgetExtension.appex in Embed Foundation Extensions */ = {isa = PBXBuildFile; fileRef = 5969E7132DA67F1E00EA6655 /* PaymeShareWidgetExtension.appex */; settings = {ATTRIBUTES = (RemoveHeadersOnCopy, ); }; };
		59FB1DFC2D9EBDE700D58B5A /* Core.framework in Frameworks */ = {isa = PBXBuildFile; fileRef = 59FB1DF72D9EBDBA00D58B5A /* Core.framework */; };
		59FB1DFD2D9EBDE700D58B5A /* Core.framework in Embed Frameworks */ = {isa = PBXBuildFile; fileRef = 59FB1DF72D9EBDBA00D58B5A /* Core.framework */; settings = {ATTRIBUTES = (CodeSignOnCopy, RemoveHeadersOnCopy, ); }; };
		59FB1F092D9EEB8700D58B5A /* NetworkManager.framework in Frameworks */ = {isa = PBXBuildFile; fileRef = 59FB1F002D9EE8E900D58B5A /* NetworkManager.framework */; };
		59FB1F0A2D9EEB8700D58B5A /* NetworkManager.framework in Embed Frameworks */ = {isa = PBXBuildFile; fileRef = 59FB1F002D9EE8E900D58B5A /* NetworkManager.framework */; settings = {ATTRIBUTES = (CodeSignOnCopy, RemoveHeadersOnCopy, ); }; };
		AD526DE82DA687950026C03A /* Core.framework in Frameworks */ = {isa = PBXBuildFile; fileRef = 59FB1DF72D9EBDBA00D58B5A /* Core.framework */; };
/* End PBXBuildFile section */

/* Begin PBXContainerItemProxy section */
		5969DD8B2DA546B800EA6655 /* PBXContainerItemProxy */ = {
			isa = PBXContainerItemProxy;
			containerPortal = 59619A792DA2A0A9005A674C /* DesignSystem.xcodeproj */;
			proxyType = 2;
			remoteGlobalIDString = 59619A6E2DA2A0A9005A674C;
			remoteInfo = DesignSystem;
		};
		5969DD912DA546B800EA6655 /* PBXContainerItemProxy */ = {
			isa = PBXContainerItemProxy;
			containerPortal = 594D97252D9EF7C70045D271 /* HomeDemo.xcodeproj */;
			proxyType = 2;
			remoteGlobalIDString = 594D97302D9EF7E70045D271;
			remoteInfo = Home;
		};
		5969DD982DA546B800EA6655 /* PBXContainerItemProxy */ = {
			isa = PBXContainerItemProxy;
			containerPortal = 59FB1E5F2D9EC00700D58B5A /* PaymentDemo.xcodeproj */;
			proxyType = 2;
			remoteGlobalIDString = 59FB1E6A2D9EC03800D58B5A;
			remoteInfo = Payment;
		};
		5969DD9E2DA546B800EA6655 /* PBXContainerItemProxy */ = {
			isa = PBXContainerItemProxy;
			containerPortal = 594D98B52D9FF3FC0045D271 /* ServiceDemo.xcodeproj */;
			proxyType = 2;
			remoteGlobalIDString = 594D98C02D9FF40F0045D271;
			remoteInfo = Services;
		};
		5969E6CF2DA66D0400EA6655 /* PBXContainerItemProxy */ = {
			isa = PBXContainerItemProxy;
			containerPortal = 5969E6CB2DA66D0400EA6655 /* NavigationCoordinator.xcodeproj */;
			proxyType = 2;
			remoteGlobalIDString = 5969E6C02DA66D0300EA6655;
			remoteInfo = NavigationCoordinator;
		};
		5969E7242DA67F2000EA6655 /* PBXContainerItemProxy */ = {
			isa = PBXContainerItemProxy;
			containerPortal = 59C4EF832D9E893A004F85A8 /* Project object */;
			proxyType = 1;
			remoteGlobalIDString = 5969E7122DA67F1E00EA6655;
			remoteInfo = PaymeShareWidgetExtension;
		};
		59FB1DF62D9EBDBA00D58B5A /* PBXContainerItemProxy */ = {
			isa = PBXContainerItemProxy;
			containerPortal = 59FB1DF22D9EBDB900D58B5A /* Core.xcodeproj */;
			proxyType = 2;
			remoteGlobalIDString = 59FB1DE72D9EBDB900D58B5A;
			remoteInfo = Core;
		};
		59FB1EFF2D9EE8E900D58B5A /* PBXContainerItemProxy */ = {
			isa = PBXContainerItemProxy;
			containerPortal = 59FB1EFB2D9EE8E900D58B5A /* NetworkManager.xcodeproj */;
			proxyType = 2;
			remoteGlobalIDString = 59FB1EF02D9EE8E900D58B5A;
			remoteInfo = NetworkManager;
		};
/* End PBXContainerItemProxy section */

/* Begin PBXCopyFilesBuildPhase section */
		5969DE292DA563A700EA6655 /* Embed Foundation Extensions */ = {
			isa = PBXCopyFilesBuildPhase;
			buildActionMask = 2147483647;
			dstPath = "";
			dstSubfolderSpec = 13;
			files = (
				5969E7262DA67F2000EA6655 /* PaymeShareWidgetExtension.appex in Embed Foundation Extensions */,
			);
			name = "Embed Foundation Extensions";
			runOnlyForDeploymentPostprocessing = 0;
		};
		59FB1DFE2D9EBDE700D58B5A /* Embed Frameworks */ = {
			isa = PBXCopyFilesBuildPhase;
			buildActionMask = 2147483647;
			dstPath = "";
			dstSubfolderSpec = 10;
			files = (
				59FB1F0A2D9EEB8700D58B5A /* NetworkManager.framework in Embed Frameworks */,
				59FB1DFD2D9EBDE700D58B5A /* Core.framework in Embed Frameworks */,
				5969DDB32DA54FA600EA6655 /* Home.framework in Embed Frameworks */,
				5969E6F52DA66F6700EA6655 /* NavigationCoordinator.framework in Embed Frameworks */,
				5969DDC52DA550A200EA6655 /* DesignSystem.framework in Embed Frameworks */,
				5969DDB72DA54FB100EA6655 /* Services.framework in Embed Frameworks */,
				5969DDB52DA54FAD00EA6655 /* Payment.framework in Embed Frameworks */,
			);
			name = "Embed Frameworks";
			runOnlyForDeploymentPostprocessing = 0;
		};
/* End PBXCopyFilesBuildPhase section */

/* Begin PBXFileReference section */
		594D97252D9EF7C70045D271 /* HomeDemo.xcodeproj */ = {isa = PBXFileReference; lastKnownFileType = "wrapper.pb-project"; name = HomeDemo.xcodeproj; path = HomeApp/HomeDemo.xcodeproj; sourceTree = "<group>"; };
		594D98B52D9FF3FC0045D271 /* ServiceDemo.xcodeproj */ = {isa = PBXFileReference; lastKnownFileType = "wrapper.pb-project"; name = ServiceDemo.xcodeproj; path = ServiceApp/ServiceDemo.xcodeproj; sourceTree = "<group>"; };
		59619A792DA2A0A9005A674C /* DesignSystem.xcodeproj */ = {isa = PBXFileReference; lastKnownFileType = "wrapper.pb-project"; name = DesignSystem.xcodeproj; path = AssetsKit/DesignSystem.xcodeproj; sourceTree = "<group>"; };
		5969DE102DA563A500EA6655 /* WidgetKit.framework */ = {isa = PBXFileReference; lastKnownFileType = wrapper.framework; name = WidgetKit.framework; path = System/Library/Frameworks/WidgetKit.framework; sourceTree = SDKROOT; };
		5969DE122DA563A500EA6655 /* SwiftUI.framework */ = {isa = PBXFileReference; lastKnownFileType = wrapper.framework; name = SwiftUI.framework; path = System/Library/Frameworks/SwiftUI.framework; sourceTree = SDKROOT; };
		5969E6CB2DA66D0400EA6655 /* NavigationCoordinator.xcodeproj */ = {isa = PBXFileReference; lastKnownFileType = "wrapper.pb-project"; name = NavigationCoordinator.xcodeproj; path = NavigationCoordinator/NavigationCoordinator.xcodeproj; sourceTree = "<group>"; };
		5969E7132DA67F1E00EA6655 /* PaymeShareWidgetExtension.appex */ = {isa = PBXFileReference; explicitFileType = "wrapper.app-extension"; includeInIndex = 0; path = PaymeShareWidgetExtension.appex; sourceTree = BUILT_PRODUCTS_DIR; };
		59C4EF8B2D9E893A004F85A8 /* PaymeFituares.app */ = {isa = PBXFileReference; explicitFileType = wrapper.application; includeInIndex = 0; path = PaymeFituares.app; sourceTree = BUILT_PRODUCTS_DIR; };
		59FB1DF22D9EBDB900D58B5A /* Core.xcodeproj */ = {isa = PBXFileReference; lastKnownFileType = "wrapper.pb-project"; name = Core.xcodeproj; path = Core/Core.xcodeproj; sourceTree = "<group>"; };
		59FB1E5F2D9EC00700D58B5A /* PaymentDemo.xcodeproj */ = {isa = PBXFileReference; lastKnownFileType = "wrapper.pb-project"; name = PaymentDemo.xcodeproj; path = PaymentApp/PaymentDemo.xcodeproj; sourceTree = "<group>"; };
		59FB1EFB2D9EE8E900D58B5A /* NetworkManager.xcodeproj */ = {isa = PBXFileReference; lastKnownFileType = "wrapper.pb-project"; name = NetworkManager.xcodeproj; path = NetworkManager/NetworkManager.xcodeproj; sourceTree = "<group>"; };
/* End PBXFileReference section */

/* Begin PBXFileSystemSynchronizedBuildFileExceptionSet section */
		5969E72A2DA67F2000EA6655 /* Exceptions for "PaymeShareWidget" folder in "PaymeShareWidgetExtension" target */ = {
			isa = PBXFileSystemSynchronizedBuildFileExceptionSet;
			membershipExceptions = (
				Info.plist,
			);
			target = 5969E7122DA67F1E00EA6655 /* PaymeShareWidgetExtension */;
		};
		59C4EF9D2D9E893C004F85A8 /* Exceptions for "PaymeFituares" folder in "PaymeFituares" target */ = {
			isa = PBXFileSystemSynchronizedBuildFileExceptionSet;
			membershipExceptions = (
				Info.plist,
			);
			target = 59C4EF8A2D9E893A004F85A8 /* PaymeFituares */;
		};
/* End PBXFileSystemSynchronizedBuildFileExceptionSet section */

/* Begin PBXFileSystemSynchronizedRootGroup section */
		5969E7162DA67F1E00EA6655 /* PaymeShareWidget */ = {
			isa = PBXFileSystemSynchronizedRootGroup;
			exceptions = (
				5969E72A2DA67F2000EA6655 /* Exceptions for "PaymeShareWidget" folder in "PaymeShareWidgetExtension" target */,
			);
			path = PaymeShareWidget;
			sourceTree = "<group>";
		};
		59C4EF8D2D9E893A004F85A8 /* PaymeFituares */ = {
			isa = PBXFileSystemSynchronizedRootGroup;
			exceptions = (
				59C4EF9D2D9E893C004F85A8 /* Exceptions for "PaymeFituares" folder in "PaymeFituares" target */,
			);
			path = PaymeFituares;
			sourceTree = "<group>";
		};
/* End PBXFileSystemSynchronizedRootGroup section */

/* Begin PBXFrameworksBuildPhase section */
		5969E7102DA67F1E00EA6655 /* Frameworks */ = {
			isa = PBXFrameworksBuildPhase;
			buildActionMask = 2147483647;
			files = (
				5969E7152DA67F1E00EA6655 /* SwiftUI.framework in Frameworks */,
				AD526DE82DA687950026C03A /* Core.framework in Frameworks */,
				5969E7142DA67F1E00EA6655 /* WidgetKit.framework in Frameworks */,
			);
			runOnlyForDeploymentPostprocessing = 0;
		};
		59C4EF882D9E893A004F85A8 /* Frameworks */ = {
			isa = PBXFrameworksBuildPhase;
			buildActionMask = 2147483647;
			files = (
				59FB1F092D9EEB8700D58B5A /* NetworkManager.framework in Frameworks */,
				59FB1DFC2D9EBDE700D58B5A /* Core.framework in Frameworks */,
				5969DDB22DA54FA600EA6655 /* Home.framework in Frameworks */,
				5969E6F42DA66F6700EA6655 /* NavigationCoordinator.framework in Frameworks */,
				5969DDC42DA550A200EA6655 /* DesignSystem.framework in Frameworks */,
				5969DDB62DA54FB100EA6655 /* Services.framework in Frameworks */,
				5969DDB42DA54FAD00EA6655 /* Payment.framework in Frameworks */,
			);
			runOnlyForDeploymentPostprocessing = 0;
		};
/* End PBXFrameworksBuildPhase section */

/* Begin PBXGroup section */
		5969E6CC2DA66D0400EA6655 /* Products */ = {
			isa = PBXGroup;
			children = (
				5969E6D02DA66D0400EA6655 /* NavigationCoordinator.framework */,
			);
			name = Products;
			sourceTree = "<group>";
		};
		597C28582DA4F179001593DA /* Products */ = {
			isa = PBXGroup;
			children = (
				5969DD8C2DA546B800EA6655 /* DesignSystem.framework */,
			);
			name = Products;
			sourceTree = "<group>";
		};
		59C4EF822D9E893A004F85A8 = {
			isa = PBXGroup;
			children = (
				59C4EF8D2D9E893A004F85A8 /* PaymeFituares */,
				59FB1DDB2D9EBD9900D58B5A /* DataLayer */,
				59FB1DDC2D9EBD9900D58B5A /* Features */,
				5969E7162DA67F1E00EA6655 /* PaymeShareWidget */,
				59FB1DFB2D9EBDE700D58B5A /* Frameworks */,
				59C4EF8C2D9E893A004F85A8 /* Products */,
			);
			sourceTree = "<group>";
		};
		59C4EF8C2D9E893A004F85A8 /* Products */ = {
			isa = PBXGroup;
			children = (
				59C4EF8B2D9E893A004F85A8 /* PaymeFituares.app */,
				5969E7132DA67F1E00EA6655 /* PaymeShareWidgetExtension.appex */,
			);
			name = Products;
			sourceTree = "<group>";
		};
		59FB1DDB2D9EBD9900D58B5A /* DataLayer */ = {
			isa = PBXGroup;
			children = (
				5969E6CB2DA66D0400EA6655 /* NavigationCoordinator.xcodeproj */,
				59619A792DA2A0A9005A674C /* DesignSystem.xcodeproj */,
				59FB1EFB2D9EE8E900D58B5A /* NetworkManager.xcodeproj */,
				59FB1DF22D9EBDB900D58B5A /* Core.xcodeproj */,
			);
			path = DataLayer;
			sourceTree = "<group>";
		};
		59FB1DDC2D9EBD9900D58B5A /* Features */ = {
			isa = PBXGroup;
			children = (
				594D98B52D9FF3FC0045D271 /* ServiceDemo.xcodeproj */,
				594D97252D9EF7C70045D271 /* HomeDemo.xcodeproj */,
				59FB1E5F2D9EC00700D58B5A /* PaymentDemo.xcodeproj */,
			);
			path = Features;
			sourceTree = "<group>";
		};
		59FB1DF32D9EBDB900D58B5A /* Products */ = {
			isa = PBXGroup;
			children = (
				59FB1DF72D9EBDBA00D58B5A /* Core.framework */,
			);
			name = Products;
			sourceTree = "<group>";
		};
		59FB1DFB2D9EBDE700D58B5A /* Frameworks */ = {
			isa = PBXGroup;
			children = (
				5969DE102DA563A500EA6655 /* WidgetKit.framework */,
				5969DE122DA563A500EA6655 /* SwiftUI.framework */,
			);
			name = Frameworks;
			sourceTree = "<group>";
		};
		59FB1EFC2D9EE8E900D58B5A /* Products */ = {
			isa = PBXGroup;
			children = (
				59FB1F002D9EE8E900D58B5A /* NetworkManager.framework */,
			);
			name = Products;
			sourceTree = "<group>";
		};
		59FE586A2DA41A5800A46FB9 /* Products */ = {
			isa = PBXGroup;
			children = (
				5969DD9F2DA546B800EA6655 /* Services.framework */,
			);
			name = Products;
			sourceTree = "<group>";
		};
		59FE586C2DA41A5800A46FB9 /* Products */ = {
			isa = PBXGroup;
			children = (
				5969DD922DA546B800EA6655 /* Home.framework */,
			);
			name = Products;
			sourceTree = "<group>";
		};
		59FE586E2DA41A5800A46FB9 /* Products */ = {
			isa = PBXGroup;
			children = (
				5969DD992DA546B800EA6655 /* Payment.framework */,
			);
			name = Products;
			sourceTree = "<group>";
		};
/* End PBXGroup section */

/* Begin PBXNativeTarget section */
		5969E7122DA67F1E00EA6655 /* PaymeShareWidgetExtension */ = {
			isa = PBXNativeTarget;
			buildConfigurationList = 5969E7272DA67F2000EA6655 /* Build configuration list for PBXNativeTarget "PaymeShareWidgetExtension" */;
			buildPhases = (
				5969E70F2DA67F1E00EA6655 /* Sources */,
				5969E7102DA67F1E00EA6655 /* Frameworks */,
				5969E7112DA67F1E00EA6655 /* Resources */,
			);
			buildRules = (
			);
			dependencies = (
			);
			fileSystemSynchronizedGroups = (
				5969E7162DA67F1E00EA6655 /* PaymeShareWidget */,
			);
			name = PaymeShareWidgetExtension;
			packageProductDependencies = (
			);
			productName = PaymeShareWidgetExtension;
			productReference = 5969E7132DA67F1E00EA6655 /* PaymeShareWidgetExtension.appex */;
			productType = "com.apple.product-type.app-extension";
		};
		59C4EF8A2D9E893A004F85A8 /* PaymeFituares */ = {
			isa = PBXNativeTarget;
			buildConfigurationList = 59C4EF9E2D9E893C004F85A8 /* Build configuration list for PBXNativeTarget "PaymeFituares" */;
			buildPhases = (
				59C4EF872D9E893A004F85A8 /* Sources */,
				59C4EF882D9E893A004F85A8 /* Frameworks */,
				59C4EF892D9E893A004F85A8 /* Resources */,
				59FB1DFE2D9EBDE700D58B5A /* Embed Frameworks */,
				5969DE292DA563A700EA6655 /* Embed Foundation Extensions */,
			);
			buildRules = (
			);
			dependencies = (
				5969E7252DA67F2000EA6655 /* PBXTargetDependency */,
			);
			fileSystemSynchronizedGroups = (
				59C4EF8D2D9E893A004F85A8 /* PaymeFituares */,
			);
			name = PaymeFituares;
			packageProductDependencies = (
			);
			productName = PaymeFituares;
			productReference = 59C4EF8B2D9E893A004F85A8 /* PaymeFituares.app */;
			productType = "com.apple.product-type.application";
		};
/* End PBXNativeTarget section */

/* Begin PBXProject section */
		59C4EF832D9E893A004F85A8 /* Project object */ = {
			isa = PBXProject;
			attributes = {
				BuildIndependentTargetsInParallel = 1;
				LastSwiftUpdateCheck = 1610;
				LastUpgradeCheck = 1610;
				TargetAttributes = {
					5969E7122DA67F1E00EA6655 = {
						CreatedOnToolsVersion = 16.1;
					};
					59C4EF8A2D9E893A004F85A8 = {
						CreatedOnToolsVersion = 16.1;
					};
				};
			};
			buildConfigurationList = 59C4EF862D9E893A004F85A8 /* Build configuration list for PBXProject "PaymeFituares" */;
			developmentRegion = en;
			hasScannedForEncodings = 0;
			knownRegions = (
				en,
				Base,
			);
			mainGroup = 59C4EF822D9E893A004F85A8;
			minimizedProjectReferenceProxies = 1;
			preferredProjectObjectVersion = 77;
			productRefGroup = 59C4EF8C2D9E893A004F85A8 /* Products */;
			projectDirPath = "";
			projectReferences = (
				{
					ProductGroup = 59FB1DF32D9EBDB900D58B5A /* Products */;
					ProjectRef = 59FB1DF22D9EBDB900D58B5A /* Core.xcodeproj */;
				},
				{
					ProductGroup = 597C28582DA4F179001593DA /* Products */;
					ProjectRef = 59619A792DA2A0A9005A674C /* DesignSystem.xcodeproj */;
				},
				{
					ProductGroup = 59FE586C2DA41A5800A46FB9 /* Products */;
					ProjectRef = 594D97252D9EF7C70045D271 /* HomeDemo.xcodeproj */;
				},
				{
					ProductGroup = 5969E6CC2DA66D0400EA6655 /* Products */;
					ProjectRef = 5969E6CB2DA66D0400EA6655 /* NavigationCoordinator.xcodeproj */;
				},
				{
					ProductGroup = 59FB1EFC2D9EE8E900D58B5A /* Products */;
					ProjectRef = 59FB1EFB2D9EE8E900D58B5A /* NetworkManager.xcodeproj */;
				},
				{
					ProductGroup = 59FE586E2DA41A5800A46FB9 /* Products */;
					ProjectRef = 59FB1E5F2D9EC00700D58B5A /* PaymentDemo.xcodeproj */;
				},
				{
					ProductGroup = 59FE586A2DA41A5800A46FB9 /* Products */;
					ProjectRef = 594D98B52D9FF3FC0045D271 /* ServiceDemo.xcodeproj */;
				},
			);
			projectRoot = "";
			targets = (
				59C4EF8A2D9E893A004F85A8 /* PaymeFituares */,
				5969E7122DA67F1E00EA6655 /* PaymeShareWidgetExtension */,
			);
		};
/* End PBXProject section */

/* Begin PBXReferenceProxy section */
		5969DD8C2DA546B800EA6655 /* DesignSystem.framework */ = {
			isa = PBXReferenceProxy;
			fileType = wrapper.framework;
			path = DesignSystem.framework;
			remoteRef = 5969DD8B2DA546B800EA6655 /* PBXContainerItemProxy */;
			sourceTree = BUILT_PRODUCTS_DIR;
		};
		5969DD922DA546B800EA6655 /* Home.framework */ = {
			isa = PBXReferenceProxy;
			fileType = wrapper.framework;
			path = Home.framework;
			remoteRef = 5969DD912DA546B800EA6655 /* PBXContainerItemProxy */;
			sourceTree = BUILT_PRODUCTS_DIR;
		};
		5969DD992DA546B800EA6655 /* Payment.framework */ = {
			isa = PBXReferenceProxy;
			fileType = wrapper.framework;
			path = Payment.framework;
			remoteRef = 5969DD982DA546B800EA6655 /* PBXContainerItemProxy */;
			sourceTree = BUILT_PRODUCTS_DIR;
		};
		5969DD9F2DA546B800EA6655 /* Services.framework */ = {
			isa = PBXReferenceProxy;
			fileType = wrapper.framework;
			path = Services.framework;
			remoteRef = 5969DD9E2DA546B800EA6655 /* PBXContainerItemProxy */;
			sourceTree = BUILT_PRODUCTS_DIR;
		};
		5969E6D02DA66D0400EA6655 /* NavigationCoordinator.framework */ = {
			isa = PBXReferenceProxy;
			fileType = wrapper.framework;
			path = NavigationCoordinator.framework;
			remoteRef = 5969E6CF2DA66D0400EA6655 /* PBXContainerItemProxy */;
			sourceTree = BUILT_PRODUCTS_DIR;
		};
		59FB1DF72D9EBDBA00D58B5A /* Core.framework */ = {
			isa = PBXReferenceProxy;
			fileType = wrapper.framework;
			path = Core.framework;
			remoteRef = 59FB1DF62D9EBDBA00D58B5A /* PBXContainerItemProxy */;
			sourceTree = BUILT_PRODUCTS_DIR;
		};
		59FB1F002D9EE8E900D58B5A /* NetworkManager.framework */ = {
			isa = PBXReferenceProxy;
			fileType = wrapper.framework;
			path = NetworkManager.framework;
			remoteRef = 59FB1EFF2D9EE8E900D58B5A /* PBXContainerItemProxy */;
			sourceTree = BUILT_PRODUCTS_DIR;
		};
/* End PBXReferenceProxy section */

/* Begin PBXResourcesBuildPhase section */
		5969E7112DA67F1E00EA6655 /* Resources */ = {
			isa = PBXResourcesBuildPhase;
			buildActionMask = 2147483647;
			files = (
			);
			runOnlyForDeploymentPostprocessing = 0;
		};
		59C4EF892D9E893A004F85A8 /* Resources */ = {
			isa = PBXResourcesBuildPhase;
			buildActionMask = 2147483647;
			files = (
			);
			runOnlyForDeploymentPostprocessing = 0;
		};
/* End PBXResourcesBuildPhase section */

/* Begin PBXSourcesBuildPhase section */
		5969E70F2DA67F1E00EA6655 /* Sources */ = {
			isa = PBXSourcesBuildPhase;
			buildActionMask = 2147483647;
			files = (
			);
			runOnlyForDeploymentPostprocessing = 0;
		};
		59C4EF872D9E893A004F85A8 /* Sources */ = {
			isa = PBXSourcesBuildPhase;
			buildActionMask = 2147483647;
			files = (
			);
			runOnlyForDeploymentPostprocessing = 0;
		};
/* End PBXSourcesBuildPhase section */

/* Begin PBXTargetDependency section */
		5969E7252DA67F2000EA6655 /* PBXTargetDependency */ = {
			isa = PBXTargetDependency;
			target = 5969E7122DA67F1E00EA6655 /* PaymeShareWidgetExtension */;
			targetProxy = 5969E7242DA67F2000EA6655 /* PBXContainerItemProxy */;
		};
/* End PBXTargetDependency section */

/* Begin XCBuildConfiguration section */
		5969E7282DA67F2000EA6655 /* Debug */ = {
			isa = XCBuildConfiguration;
			buildSettings = {
				ASSETCATALOG_COMPILER_GLOBAL_ACCENT_COLOR_NAME = AccentColor;
				ASSETCATALOG_COMPILER_WIDGET_BACKGROUND_COLOR_NAME = WidgetBackground;
				CODE_SIGN_STYLE = Automatic;
				CURRENT_PROJECT_VERSION = 1;
				DEVELOPMENT_TEAM = 3DJM2CZRX2;
				GENERATE_INFOPLIST_FILE = YES;
				INFOPLIST_FILE = PaymeShareWidget/Info.plist;
				INFOPLIST_KEY_CFBundleDisplayName = PaymeShareWidget;
				INFOPLIST_KEY_NSHumanReadableCopyright = "";
				IPHONEOS_DEPLOYMENT_TARGET = 17.0;
				LD_RUNPATH_SEARCH_PATHS = (
					"$(inherited)",
					"@executable_path/Frameworks",
					"@executable_path/../../Frameworks",
				);
				MARKETING_VERSION = 1.0;
				PRODUCT_BUNDLE_IDENTIFIER = AssA.PaymeFituares.PaymeShareWidget;
				PRODUCT_NAME = "$(TARGET_NAME)";
				SKIP_INSTALL = YES;
				SUPPORTED_PLATFORMS = "iphoneos iphonesimulator";
				SUPPORTS_MACCATALYST = NO;
				SUPPORTS_MAC_DESIGNED_FOR_IPHONE_IPAD = NO;
				SUPPORTS_XR_DESIGNED_FOR_IPHONE_IPAD = NO;
				SWIFT_EMIT_LOC_STRINGS = YES;
				SWIFT_VERSION = 5.0;
				TARGETED_DEVICE_FAMILY = 1;
			};
			name = Debug;
		};
		5969E7292DA67F2000EA6655 /* Release */ = {
			isa = XCBuildConfiguration;
			buildSettings = {
				ASSETCATALOG_COMPILER_GLOBAL_ACCENT_COLOR_NAME = AccentColor;
				ASSETCATALOG_COMPILER_WIDGET_BACKGROUND_COLOR_NAME = WidgetBackground;
				CODE_SIGN_STYLE = Automatic;
				CURRENT_PROJECT_VERSION = 1;
				DEVELOPMENT_TEAM = 3DJM2CZRX2;
				GENERATE_INFOPLIST_FILE = YES;
				INFOPLIST_FILE = PaymeShareWidget/Info.plist;
				INFOPLIST_KEY_CFBundleDisplayName = PaymeShareWidget;
				INFOPLIST_KEY_NSHumanReadableCopyright = "";
				IPHONEOS_DEPLOYMENT_TARGET = 17.0;
				LD_RUNPATH_SEARCH_PATHS = (
					"$(inherited)",
					"@executable_path/Frameworks",
					"@executable_path/../../Frameworks",
				);
				MARKETING_VERSION = 1.0;
				PRODUCT_BUNDLE_IDENTIFIER = AssA.PaymeFituares.PaymeShareWidget;
				PRODUCT_NAME = "$(TARGET_NAME)";
				SKIP_INSTALL = YES;
				SUPPORTED_PLATFORMS = "iphoneos iphonesimulator";
				SUPPORTS_MACCATALYST = NO;
				SUPPORTS_MAC_DESIGNED_FOR_IPHONE_IPAD = NO;
				SUPPORTS_XR_DESIGNED_FOR_IPHONE_IPAD = NO;
				SWIFT_EMIT_LOC_STRINGS = YES;
				SWIFT_VERSION = 5.0;
				TARGETED_DEVICE_FAMILY = 1;
			};
			name = Release;
		};
		59C4EF9F2D9E893C004F85A8 /* Debug */ = {
			isa = XCBuildConfiguration;
			buildSettings = {
				ASSETCATALOG_COMPILER_APPICON_NAME = AppIcon;
				ASSETCATALOG_COMPILER_GLOBAL_ACCENT_COLOR_NAME = AccentColor;
				CODE_SIGN_ENTITLEMENTS = "";
				CODE_SIGN_STYLE = Automatic;
				CURRENT_PROJECT_VERSION = 1;
				DEVELOPMENT_TEAM = DA7SC56XUA;
				GENERATE_INFOPLIST_FILE = YES;
				INFOPLIST_FILE = PaymeFituares/Info.plist;
				INFOPLIST_KEY_NSBluetoothAlwaysUsageDescription = "This app uses Bluetooth to discover and connect to nearby devices.";
				INFOPLIST_KEY_NSLocalNetworkUsageDescription = "We need access to your local network to enable peer-to-peer connectivity.";
				INFOPLIST_KEY_UIApplicationSupportsIndirectInputEvents = YES;
				INFOPLIST_KEY_UILaunchStoryboardName = LaunchScreen;
				INFOPLIST_KEY_UIMainStoryboardFile = "";
				INFOPLIST_KEY_UISupportedInterfaceOrientations = UIInterfaceOrientationPortrait;
				INFOPLIST_KEY_UISupportedInterfaceOrientations_iPad = "UIInterfaceOrientationLandscapeLeft UIInterfaceOrientationLandscapeRight UIInterfaceOrientationPortrait UIInterfaceOrientationPortraitUpsideDown";
				IPHONEOS_DEPLOYMENT_TARGET = 16.6;
				LD_RUNPATH_SEARCH_PATHS = (
					"$(inherited)",
					"@executable_path/Frameworks",
				);
				MARKETING_VERSION = 1.0;
				PRODUCT_BUNDLE_IDENTIFIER = "payme-intern.PaymeFituares";
				PRODUCT_NAME = "$(TARGET_NAME)";
				SUPPORTED_PLATFORMS = "iphoneos iphonesimulator";
				SUPPORTS_MACCATALYST = NO;
				SUPPORTS_MAC_DESIGNED_FOR_IPHONE_IPAD = NO;
				SUPPORTS_XR_DESIGNED_FOR_IPHONE_IPAD = NO;
				SWIFT_EMIT_LOC_STRINGS = YES;
				SWIFT_VERSION = 5.0;
				TARGETED_DEVICE_FAMILY = 1;
			};
			name = Debug;
		};
		59C4EFA02D9E893C004F85A8 /* Release */ = {
			isa = XCBuildConfiguration;
			buildSettings = {
				ASSETCATALOG_COMPILER_APPICON_NAME = AppIcon;
				ASSETCATALOG_COMPILER_GLOBAL_ACCENT_COLOR_NAME = AccentColor;
				CODE_SIGN_ENTITLEMENTS = "";
				CODE_SIGN_STYLE = Automatic;
				CURRENT_PROJECT_VERSION = 1;
				DEVELOPMENT_TEAM = DA7SC56XUA;
				GENERATE_INFOPLIST_FILE = YES;
				INFOPLIST_FILE = PaymeFituares/Info.plist;
				INFOPLIST_KEY_NSBluetoothAlwaysUsageDescription = "This app uses Bluetooth to discover and connect to nearby devices.";
				INFOPLIST_KEY_NSLocalNetworkUsageDescription = "We need access to your local network to enable peer-to-peer connectivity.";
				INFOPLIST_KEY_UIApplicationSupportsIndirectInputEvents = YES;
				INFOPLIST_KEY_UILaunchStoryboardName = LaunchScreen;
				INFOPLIST_KEY_UIMainStoryboardFile = "";
				INFOPLIST_KEY_UISupportedInterfaceOrientations = UIInterfaceOrientationPortrait;
				INFOPLIST_KEY_UISupportedInterfaceOrientations_iPad = "UIInterfaceOrientationLandscapeLeft UIInterfaceOrientationLandscapeRight UIInterfaceOrientationPortrait UIInterfaceOrientationPortraitUpsideDown";
				IPHONEOS_DEPLOYMENT_TARGET = 16.6;
				LD_RUNPATH_SEARCH_PATHS = (
					"$(inherited)",
					"@executable_path/Frameworks",
				);
				MARKETING_VERSION = 1.0;
				PRODUCT_BUNDLE_IDENTIFIER = "payme-intern.PaymeFituares";
				PRODUCT_NAME = "$(TARGET_NAME)";
				SUPPORTED_PLATFORMS = "iphoneos iphonesimulator";
				SUPPORTS_MACCATALYST = NO;
				SUPPORTS_MAC_DESIGNED_FOR_IPHONE_IPAD = NO;
				SUPPORTS_XR_DESIGNED_FOR_IPHONE_IPAD = NO;
				SWIFT_EMIT_LOC_STRINGS = YES;
				SWIFT_VERSION = 5.0;
				TARGETED_DEVICE_FAMILY = 1;
			};
			name = Release;
		};
		59C4EFA12D9E893C004F85A8 /* Debug */ = {
			isa = XCBuildConfiguration;
			buildSettings = {
				ALWAYS_SEARCH_USER_PATHS = NO;
				ASSETCATALOG_COMPILER_GENERATE_SWIFT_ASSET_SYMBOL_EXTENSIONS = YES;
				CLANG_ANALYZER_NONNULL = YES;
				CLANG_ANALYZER_NUMBER_OBJECT_CONVERSION = YES_AGGRESSIVE;
				CLANG_CXX_LANGUAGE_STANDARD = "gnu++20";
				CLANG_ENABLE_MODULES = YES;
				CLANG_ENABLE_OBJC_ARC = YES;
				CLANG_ENABLE_OBJC_WEAK = YES;
				CLANG_WARN_BLOCK_CAPTURE_AUTORELEASING = YES;
				CLANG_WARN_BOOL_CONVERSION = YES;
				CLANG_WARN_COMMA = YES;
				CLANG_WARN_CONSTANT_CONVERSION = YES;
				CLANG_WARN_DEPRECATED_OBJC_IMPLEMENTATIONS = YES;
				CLANG_WARN_DIRECT_OBJC_ISA_USAGE = YES_ERROR;
				CLANG_WARN_DOCUMENTATION_COMMENTS = YES;
				CLANG_WARN_EMPTY_BODY = YES;
				CLANG_WARN_ENUM_CONVERSION = YES;
				CLANG_WARN_INFINITE_RECURSION = YES;
				CLANG_WARN_INT_CONVERSION = YES;
				CLANG_WARN_NON_LITERAL_NULL_CONVERSION = YES;
				CLANG_WARN_OBJC_IMPLICIT_RETAIN_SELF = YES;
				CLANG_WARN_OBJC_LITERAL_CONVERSION = YES;
				CLANG_WARN_OBJC_ROOT_CLASS = YES_ERROR;
				CLANG_WARN_QUOTED_INCLUDE_IN_FRAMEWORK_HEADER = YES;
				CLANG_WARN_RANGE_LOOP_ANALYSIS = YES;
				CLANG_WARN_STRICT_PROTOTYPES = YES;
				CLANG_WARN_SUSPICIOUS_MOVE = YES;
				CLANG_WARN_UNGUARDED_AVAILABILITY = YES_AGGRESSIVE;
				CLANG_WARN_UNREACHABLE_CODE = YES;
				CLANG_WARN__DUPLICATE_METHOD_MATCH = YES;
				COPY_PHASE_STRIP = NO;
				DEBUG_INFORMATION_FORMAT = dwarf;
				ENABLE_STRICT_OBJC_MSGSEND = YES;
				ENABLE_TESTABILITY = YES;
				ENABLE_USER_SCRIPT_SANDBOXING = YES;
				GCC_C_LANGUAGE_STANDARD = gnu17;
				GCC_DYNAMIC_NO_PIC = NO;
				GCC_NO_COMMON_BLOCKS = YES;
				GCC_OPTIMIZATION_LEVEL = 0;
				GCC_PREPROCESSOR_DEFINITIONS = (
					"DEBUG=1",
					"$(inherited)",
				);
				GCC_WARN_64_TO_32_BIT_CONVERSION = YES;
				GCC_WARN_ABOUT_RETURN_TYPE = YES_ERROR;
				GCC_WARN_UNDECLARED_SELECTOR = YES;
				GCC_WARN_UNINITIALIZED_AUTOS = YES_AGGRESSIVE;
				GCC_WARN_UNUSED_FUNCTION = YES;
				GCC_WARN_UNUSED_VARIABLE = YES;
				IPHONEOS_DEPLOYMENT_TARGET = 18.1;
				LOCALIZATION_PREFERS_STRING_CATALOGS = YES;
				MTL_ENABLE_DEBUG_INFO = INCLUDE_SOURCE;
				MTL_FAST_MATH = YES;
				ONLY_ACTIVE_ARCH = YES;
				SDKROOT = iphoneos;
				SWIFT_ACTIVE_COMPILATION_CONDITIONS = "DEBUG $(inherited)";
				SWIFT_OPTIMIZATION_LEVEL = "-Onone";
			};
			name = Debug;
		};
		59C4EFA22D9E893C004F85A8 /* Release */ = {
			isa = XCBuildConfiguration;
			buildSettings = {
				ALWAYS_SEARCH_USER_PATHS = NO;
				ASSETCATALOG_COMPILER_GENERATE_SWIFT_ASSET_SYMBOL_EXTENSIONS = YES;
				CLANG_ANALYZER_NONNULL = YES;
				CLANG_ANALYZER_NUMBER_OBJECT_CONVERSION = YES_AGGRESSIVE;
				CLANG_CXX_LANGUAGE_STANDARD = "gnu++20";
				CLANG_ENABLE_MODULES = YES;
				CLANG_ENABLE_OBJC_ARC = YES;
				CLANG_ENABLE_OBJC_WEAK = YES;
				CLANG_WARN_BLOCK_CAPTURE_AUTORELEASING = YES;
				CLANG_WARN_BOOL_CONVERSION = YES;
				CLANG_WARN_COMMA = YES;
				CLANG_WARN_CONSTANT_CONVERSION = YES;
				CLANG_WARN_DEPRECATED_OBJC_IMPLEMENTATIONS = YES;
				CLANG_WARN_DIRECT_OBJC_ISA_USAGE = YES_ERROR;
				CLANG_WARN_DOCUMENTATION_COMMENTS = YES;
				CLANG_WARN_EMPTY_BODY = YES;
				CLANG_WARN_ENUM_CONVERSION = YES;
				CLANG_WARN_INFINITE_RECURSION = YES;
				CLANG_WARN_INT_CONVERSION = YES;
				CLANG_WARN_NON_LITERAL_NULL_CONVERSION = YES;
				CLANG_WARN_OBJC_IMPLICIT_RETAIN_SELF = YES;
				CLANG_WARN_OBJC_LITERAL_CONVERSION = YES;
				CLANG_WARN_OBJC_ROOT_CLASS = YES_ERROR;
				CLANG_WARN_QUOTED_INCLUDE_IN_FRAMEWORK_HEADER = YES;
				CLANG_WARN_RANGE_LOOP_ANALYSIS = YES;
				CLANG_WARN_STRICT_PROTOTYPES = YES;
				CLANG_WARN_SUSPICIOUS_MOVE = YES;
				CLANG_WARN_UNGUARDED_AVAILABILITY = YES_AGGRESSIVE;
				CLANG_WARN_UNREACHABLE_CODE = YES;
				CLANG_WARN__DUPLICATE_METHOD_MATCH = YES;
				COPY_PHASE_STRIP = NO;
				DEBUG_INFORMATION_FORMAT = "dwarf-with-dsym";
				ENABLE_NS_ASSERTIONS = NO;
				ENABLE_STRICT_OBJC_MSGSEND = YES;
				ENABLE_USER_SCRIPT_SANDBOXING = YES;
				GCC_C_LANGUAGE_STANDARD = gnu17;
				GCC_NO_COMMON_BLOCKS = YES;
				GCC_WARN_64_TO_32_BIT_CONVERSION = YES;
				GCC_WARN_ABOUT_RETURN_TYPE = YES_ERROR;
				GCC_WARN_UNDECLARED_SELECTOR = YES;
				GCC_WARN_UNINITIALIZED_AUTOS = YES_AGGRESSIVE;
				GCC_WARN_UNUSED_FUNCTION = YES;
				GCC_WARN_UNUSED_VARIABLE = YES;
				IPHONEOS_DEPLOYMENT_TARGET = 18.1;
				LOCALIZATION_PREFERS_STRING_CATALOGS = YES;
				MTL_ENABLE_DEBUG_INFO = NO;
				MTL_FAST_MATH = YES;
				SDKROOT = iphoneos;
				SWIFT_COMPILATION_MODE = wholemodule;
				VALIDATE_PRODUCT = YES;
			};
			name = Release;
		};
/* End XCBuildConfiguration section */

/* Begin XCConfigurationList section */
		5969E7272DA67F2000EA6655 /* Build configuration list for PBXNativeTarget "PaymeShareWidgetExtension" */ = {
			isa = XCConfigurationList;
			buildConfigurations = (
				5969E7282DA67F2000EA6655 /* Debug */,
				5969E7292DA67F2000EA6655 /* Release */,
			);
			defaultConfigurationIsVisible = 0;
			defaultConfigurationName = Release;
		};
		59C4EF862D9E893A004F85A8 /* Build configuration list for PBXProject "PaymeFituares" */ = {
			isa = XCConfigurationList;
			buildConfigurations = (
				59C4EFA12D9E893C004F85A8 /* Debug */,
				59C4EFA22D9E893C004F85A8 /* Release */,
			);
			defaultConfigurationIsVisible = 0;
			defaultConfigurationName = Release;
		};
		59C4EF9E2D9E893C004F85A8 /* Build configuration list for PBXNativeTarget "PaymeFituares" */ = {
			isa = XCConfigurationList;
			buildConfigurations = (
				59C4EF9F2D9E893C004F85A8 /* Debug */,
				59C4EFA02D9E893C004F85A8 /* Release */,
			);
			defaultConfigurationIsVisible = 0;
			defaultConfigurationName = Release;
		};
/* End XCConfigurationList section */
	};
	rootObject = 59C4EF832D9E893A004F85A8 /* Project object */;
}
